
Microsoft Visual Studio Solution File, Format Version 12.00
# Visual Studio Version 16
VisualStudioVersion = 16.0.30011.22
MinimumVisualStudioVersion = 10.0.40219.1
Project("{FAE04EC0-301F-11D3-BF4B-00C04F79EFBC}") = "MooTUI", "MooTUI\MooTUI.csproj", "{CE63E0C1-460D-4A06-A68E-95FD88226892}"
EndProject
Project("{FAE04EC0-301F-11D3-BF4B-00C04F79EFBC}") = "MooTUI_Test", "MooTUI_Test\MooTUI_Test.csproj", "{26E36E09-6291-4DD2-B5E9-B786852631B2}"
EndProject
Global
	GlobalSection(SolutionConfigurationPlatforms) = preSolution
		Debug|Any CPU = Debug|Any CPU
		Release|Any CPU = Release|Any CPU
	EndGlobalSection
	GlobalSection(ProjectConfigurationPlatforms) = postSolution
		{CE63E0C1-460D-4A06-A68E-95FD88226892}.Debug|Any CPU.ActiveCfg = Debug|Any CPU
		{CE63E0C1-460D-4A06-A68E-95FD88226892}.Debug|Any CPU.Build.0 = Debug|Any CPU
		{CE63E0C1-460D-4A06-A68E-95FD88226892}.Release|Any CPU.ActiveCfg = Release|Any CPU
		{CE63E0C1-460D-4A06-A68E-95FD88226892}.Release|Any CPU.Build.0 = Release|Any CPU
		{26E36E09-6291-4DD2-B5E9-B786852631B2}.Debug|Any CPU.ActiveCfg = Debug|Any CPU
		{26E36E09-6291-4DD2-B5E9-B786852631B2}.Debug|Any CPU.Build.0 = Debug|Any CPU
		{26E36E09-6291-4DD2-B5E9-B786852631B2}.Release|Any CPU.ActiveCfg = Release|Any CPU
		{26E36E09-6291-4DD2-B5E9-B786852631B2}.Release|Any CPU.Build.0 = Release|Any CPU
	EndGlobalSection
	GlobalSection(SolutionProperties) = preSolution
		HideSolutionNode = FALSE
	EndGlobalSection
	GlobalSection(ExtensibilityGlobals) = postSolution
		SolutionGuid = {5FF13A14-84EB-4AA4-979D-9AA485FEAFC0}
	EndGlobalSection
EndGlobal
